// !$*UTF8*$!
{
	archiveVersion = 1;
	classes = {
	};
	objectVersion = 56;
	objects = {

/* Begin PBXBuildFile section */
		1D0684D92B10A41C00EE2C8D /* JWTDecode in Frameworks */ = {isa = PBXBuildFile; productRef = 1D0684D82B10A41C00EE2C8D /* JWTDecode */; };
		1D177D662B21CDC200BB7FBC /* SpecialityDoctorTableViewCell.swift in Sources */ = {isa = PBXBuildFile; fileRef = 1D177D652B21CDC200BB7FBC /* SpecialityDoctorTableViewCell.swift */; };
		1D1A27EB2B257FDE000ACCE5 /* CustomDatePicker.swift in Sources */ = {isa = PBXBuildFile; fileRef = 1D1A27EA2B257FDE000ACCE5 /* CustomDatePicker.swift */; };
		1D1BA1122B166963001F30F9 /* imagePicker.swift in Sources */ = {isa = PBXBuildFile; fileRef = 1D1BA1112B166963001F30F9 /* imagePicker.swift */; };
		1D1C9DA82B14FC5B009FB162 /* Poppins-Regular.ttf in Resources */ = {isa = PBXBuildFile; fileRef = 1D1C9DA72B14FC5B009FB162 /* Poppins-Regular.ttf */; };
		1D1C9DAA2B14FC66009FB162 /* Poppins-Medium.ttf in Resources */ = {isa = PBXBuildFile; fileRef = 1D1C9DA92B14FC66009FB162 /* Poppins-Medium.ttf */; };
		1D1C9DAD2B14FC7A009FB162 /* CinzelDecorative-Regular.ttf in Resources */ = {isa = PBXBuildFile; fileRef = 1D1C9DAC2B14FC7A009FB162 /* CinzelDecorative-Regular.ttf */; };
		1D1C9DAF2B14FC88009FB162 /* SourceSans3-Medium.ttf in Resources */ = {isa = PBXBuildFile; fileRef = 1D1C9DAE2B14FC88009FB162 /* SourceSans3-Medium.ttf */; };
		1D1C9DB12B14FC93009FB162 /* SourceSans3-Regular.ttf in Resources */ = {isa = PBXBuildFile; fileRef = 1D1C9DB02B14FC93009FB162 /* SourceSans3-Regular.ttf */; };
		1D1C9DB32B14FC9A009FB162 /* SourceSans3-SemiBold.ttf in Resources */ = {isa = PBXBuildFile; fileRef = 1D1C9DB22B14FC9A009FB162 /* SourceSans3-SemiBold.ttf */; };
		1D1C9DB42B1500BB009FB162 /* Poppins-SemiBold.ttf in Resources */ = {isa = PBXBuildFile; fileRef = 1D1C9DAB2B14FC6D009FB162 /* Poppins-SemiBold.ttf */; };
		1D261CC12B0C426500B09848 /* ViewControllerExtension.swift in Sources */ = {isa = PBXBuildFile; fileRef = 1D261CC02B0C426500B09848 /* ViewControllerExtension.swift */; };
		1D261CC32B0C428300B09848 /* ViewMove.swift in Sources */ = {isa = PBXBuildFile; fileRef = 1D261CC22B0C428300B09848 /* ViewMove.swift */; };
		1D261CC52B0C42D400B09848 /* PaddedTextField.swift in Sources */ = {isa = PBXBuildFile; fileRef = 1D261CC42B0C42D400B09848 /* PaddedTextField.swift */; };
		1D261CC92B0C6E5E00B09848 /* AccountTypeViewController.swift in Sources */ = {isa = PBXBuildFile; fileRef = 1D261CC82B0C6E5E00B09848 /* AccountTypeViewController.swift */; };
		1D261CCB2B0C734F00B09848 /* RegisterProfessionalViewController.swift in Sources */ = {isa = PBXBuildFile; fileRef = 1D261CCA2B0C734F00B09848 /* RegisterProfessionalViewController.swift */; };
		1D261CCD2B0C7B6A00B09848 /* ConfirmOTPViewController.swift in Sources */ = {isa = PBXBuildFile; fileRef = 1D261CCC2B0C7B6A00B09848 /* ConfirmOTPViewController.swift */; };
		1D3430882B13128D0095CDBF /* ForgetOTPViewController.swift in Sources */ = {isa = PBXBuildFile; fileRef = 1D3430872B13128D0095CDBF /* ForgetOTPViewController.swift */; };
		1D34308A2B13130B0095CDBF /* CreateNewPasswordViewController.swift in Sources */ = {isa = PBXBuildFile; fileRef = 1D3430892B13130B0095CDBF /* CreateNewPasswordViewController.swift */; };
		1D34308C2B134C270095CDBF /* CustomSwitch.swift in Sources */ = {isa = PBXBuildFile; fileRef = 1D34308B2B134C270095CDBF /* CustomSwitch.swift */; };
		1D34308E2B1399E40095CDBF /* MainTabViewController.swift in Sources */ = {isa = PBXBuildFile; fileRef = 1D34308D2B1399E40095CDBF /* MainTabViewController.swift */; };
		1D3430912B1437AD0095CDBF /* ProfileViewController.swift in Sources */ = {isa = PBXBuildFile; fileRef = 1D3430902B1437AD0095CDBF /* ProfileViewController.swift */; };
		1D3430932B1437B60095CDBF /* AppointmentViewController.swift in Sources */ = {isa = PBXBuildFile; fileRef = 1D3430922B1437B60095CDBF /* AppointmentViewController.swift */; };
		1D4905932B0F520D00C0FECE /* MainViewController.swift in Sources */ = {isa = PBXBuildFile; fileRef = 1D4905922B0F520D00C0FECE /* MainViewController.swift */; };
		1D4AD0912B0A465B004117FA /* AppDelegate.swift in Sources */ = {isa = PBXBuildFile; fileRef = 1D4AD0902B0A465B004117FA /* AppDelegate.swift */; };
		1D4AD0932B0A465B004117FA /* SceneDelegate.swift in Sources */ = {isa = PBXBuildFile; fileRef = 1D4AD0922B0A465B004117FA /* SceneDelegate.swift */; };
		1D4AD0952B0A465B004117FA /* EntryViewController.swift in Sources */ = {isa = PBXBuildFile; fileRef = 1D4AD0942B0A465B004117FA /* EntryViewController.swift */; };
		1D4AD0982B0A465B004117FA /* Main.storyboard in Resources */ = {isa = PBXBuildFile; fileRef = 1D4AD0962B0A465B004117FA /* Main.storyboard */; };
		1D4AD09A2B0A465C004117FA /* Assets.xcassets in Resources */ = {isa = PBXBuildFile; fileRef = 1D4AD0992B0A465C004117FA /* Assets.xcassets */; };
		1D4AD09D2B0A465C004117FA /* LaunchScreen.storyboard in Resources */ = {isa = PBXBuildFile; fileRef = 1D4AD09B2B0A465C004117FA /* LaunchScreen.storyboard */; };
		1D4AD0C92B0A4821004117FA /* UITapGestureRecognizer.swift in Sources */ = {isa = PBXBuildFile; fileRef = 1D4AD0C82B0A4821004117FA /* UITapGestureRecognizer.swift */; };
		1D4AD0CD2B0A765B004117FA /* NavigationViewController.swift in Sources */ = {isa = PBXBuildFile; fileRef = 1D4AD0CC2B0A765B004117FA /* NavigationViewController.swift */; };
		1D4AD0CF2B0A7708004117FA /* RegisterCustomerViewController.swift in Sources */ = {isa = PBXBuildFile; fileRef = 1D4AD0CE2B0A7708004117FA /* RegisterCustomerViewController.swift */; };
		1D4AD0D22B0A7A84004117FA /* LoginViewController.swift in Sources */ = {isa = PBXBuildFile; fileRef = 1D4AD0D12B0A7A84004117FA /* LoginViewController.swift */; };
		1D54B89C2B11F88D00A0AECA /* SwiftKeychainWrapper in Frameworks */ = {isa = PBXBuildFile; productRef = 1D54B89B2B11F88D00A0AECA /* SwiftKeychainWrapper */; };
		1D6D69482B25983300DF9C3D /* CalendarDate.swift in Sources */ = {isa = PBXBuildFile; fileRef = 1D6D69472B25983300DF9C3D /* CalendarDate.swift */; };
		1D6D694B2B25984000DF9C3D /* Extension+Date.swift in Sources */ = {isa = PBXBuildFile; fileRef = 1D6D69492B25984000DF9C3D /* Extension+Date.swift */; };
		1D6D694C2B25984000DF9C3D /* Extension+UICollectionView.swift in Sources */ = {isa = PBXBuildFile; fileRef = 1D6D694A2B25984000DF9C3D /* Extension+UICollectionView.swift */; };
		1D6D69512B25986700DF9C3D /* CalendarDayCVC.swift in Sources */ = {isa = PBXBuildFile; fileRef = 1D6D694E2B25986700DF9C3D /* CalendarDayCVC.swift */; };
		1D6D69522B25986700DF9C3D /* CalendarDayFlowLayout.swift in Sources */ = {isa = PBXBuildFile; fileRef = 1D6D694F2B25986700DF9C3D /* CalendarDayFlowLayout.swift */; };
		1D6D69532B25986700DF9C3D /* CalendarDayCVC.xib in Resources */ = {isa = PBXBuildFile; fileRef = 1D6D69502B25986700DF9C3D /* CalendarDayCVC.xib */; };
		1D6D69562B25988900DF9C3D /* DateService.swift in Sources */ = {isa = PBXBuildFile; fileRef = 1D6D69552B25988900DF9C3D /* DateService.swift */; };
		1D78F8E02B24652F00327A76 /* DoctorViewController.swift in Sources */ = {isa = PBXBuildFile; fileRef = 1D78F8DF2B24652F00327A76 /* DoctorViewController.swift */; };
		1D78F8E62B2466F600327A76 /* RegisterCustomerModel.swift in Sources */ = {isa = PBXBuildFile; fileRef = 1D78F8E52B2466F600327A76 /* RegisterCustomerModel.swift */; };
		1D78F8E82B246AA400327A76 /* RegisterProfessionalModel.swift in Sources */ = {isa = PBXBuildFile; fileRef = 1D78F8E72B246AA400327A76 /* RegisterProfessionalModel.swift */; };
		1DA7C11F2B10639800C6EEB9 /* ForgetPasswordViewController.swift in Sources */ = {isa = PBXBuildFile; fileRef = 1DA7C11E2B10639800C6EEB9 /* ForgetPasswordViewController.swift */; };
		1DB35C832B208B49006E521B /* FillProfileViewController.swift in Sources */ = {isa = PBXBuildFile; fileRef = 1DB35C822B208B49006E521B /* FillProfileViewController.swift */; };
		1DC87CE82B19F03300AE2CDD /* GradientColor.swift in Sources */ = {isa = PBXBuildFile; fileRef = 1DC87CE72B19F03300AE2CDD /* GradientColor.swift */; };
		1DC87CEC2B1A1FC000AE2CDD /* URL.swift in Sources */ = {isa = PBXBuildFile; fileRef = 1DC87CEB2B1A1FC000AE2CDD /* URL.swift */; };
		1DC87CEF2B1A558100AE2CDD /* TopDoctorsCollectionViewCell.swift in Sources */ = {isa = PBXBuildFile; fileRef = 1DC87CEE2B1A558100AE2CDD /* TopDoctorsCollectionViewCell.swift */; };
		1DC87CF12B1A558F00AE2CDD /* UpcomingAppointmentCollectionViewCell.swift in Sources */ = {isa = PBXBuildFile; fileRef = 1DC87CF02B1A558F00AE2CDD /* UpcomingAppointmentCollectionViewCell.swift */; };
		1DC87CF32B1A55BD00AE2CDD /* SpecialityDoctorsCollectionViewCell.swift in Sources */ = {isa = PBXBuildFile; fileRef = 1DC87CF22B1A55BD00AE2CDD /* SpecialityDoctorsCollectionViewCell.swift */; };
		1DC9DE6E2B1C982C000A93C7 /* Alamofire in Frameworks */ = {isa = PBXBuildFile; productRef = 1DC9DE6D2B1C982C000A93C7 /* Alamofire */; };
		1DC9DE702B1C9A6A000A93C7 /* MainViewControllerExtension.swift in Sources */ = {isa = PBXBuildFile; fileRef = 1DC9DE6F2B1C9A6A000A93C7 /* MainViewControllerExtension.swift */; };
/* End PBXBuildFile section */

/* Begin PBXFileReference section */
		1D177D652B21CDC200BB7FBC /* SpecialityDoctorTableViewCell.swift */ = {isa = PBXFileReference; lastKnownFileType = sourcecode.swift; path = SpecialityDoctorTableViewCell.swift; sourceTree = "<group>"; };
		1D1A27EA2B257FDE000ACCE5 /* CustomDatePicker.swift */ = {isa = PBXFileReference; lastKnownFileType = sourcecode.swift; path = CustomDatePicker.swift; sourceTree = "<group>"; };
		1D1BA1112B166963001F30F9 /* imagePicker.swift */ = {isa = PBXFileReference; lastKnownFileType = sourcecode.swift; path = imagePicker.swift; sourceTree = "<group>"; };
		1D1C9DA72B14FC5B009FB162 /* Poppins-Regular.ttf */ = {isa = PBXFileReference; lastKnownFileType = file; path = "Poppins-Regular.ttf"; sourceTree = "<group>"; };
		1D1C9DA92B14FC66009FB162 /* Poppins-Medium.ttf */ = {isa = PBXFileReference; lastKnownFileType = file; path = "Poppins-Medium.ttf"; sourceTree = "<group>"; };
		1D1C9DAB2B14FC6D009FB162 /* Poppins-SemiBold.ttf */ = {isa = PBXFileReference; lastKnownFileType = file; path = "Poppins-SemiBold.ttf"; sourceTree = "<group>"; };
		1D1C9DAC2B14FC7A009FB162 /* CinzelDecorative-Regular.ttf */ = {isa = PBXFileReference; lastKnownFileType = file; path = "CinzelDecorative-Regular.ttf"; sourceTree = "<group>"; };
		1D1C9DAE2B14FC88009FB162 /* SourceSans3-Medium.ttf */ = {isa = PBXFileReference; lastKnownFileType = file; path = "SourceSans3-Medium.ttf"; sourceTree = "<group>"; };
		1D1C9DB02B14FC93009FB162 /* SourceSans3-Regular.ttf */ = {isa = PBXFileReference; lastKnownFileType = file; path = "SourceSans3-Regular.ttf"; sourceTree = "<group>"; };
		1D1C9DB22B14FC9A009FB162 /* SourceSans3-SemiBold.ttf */ = {isa = PBXFileReference; lastKnownFileType = file; path = "SourceSans3-SemiBold.ttf"; sourceTree = "<group>"; };
		1D261CC02B0C426500B09848 /* ViewControllerExtension.swift */ = {isa = PBXFileReference; lastKnownFileType = sourcecode.swift; path = ViewControllerExtension.swift; sourceTree = "<group>"; };
		1D261CC22B0C428300B09848 /* ViewMove.swift */ = {isa = PBXFileReference; lastKnownFileType = sourcecode.swift; path = ViewMove.swift; sourceTree = "<group>"; };
		1D261CC42B0C42D400B09848 /* PaddedTextField.swift */ = {isa = PBXFileReference; lastKnownFileType = sourcecode.swift; path = PaddedTextField.swift; sourceTree = "<group>"; };
		1D261CC72B0C4F4C00B09848 /* ressy.entitlements */ = {isa = PBXFileReference; lastKnownFileType = text.plist.entitlements; path = ressy.entitlements; sourceTree = "<group>"; };
		1D261CC82B0C6E5E00B09848 /* AccountTypeViewController.swift */ = {isa = PBXFileReference; lastKnownFileType = sourcecode.swift; path = AccountTypeViewController.swift; sourceTree = "<group>"; };
		1D261CCA2B0C734F00B09848 /* RegisterProfessionalViewController.swift */ = {isa = PBXFileReference; lastKnownFileType = sourcecode.swift; path = RegisterProfessionalViewController.swift; sourceTree = "<group>"; };
		1D261CCC2B0C7B6A00B09848 /* ConfirmOTPViewController.swift */ = {isa = PBXFileReference; lastKnownFileType = sourcecode.swift; path = ConfirmOTPViewController.swift; sourceTree = "<group>"; };
		1D3430872B13128D0095CDBF /* ForgetOTPViewController.swift */ = {isa = PBXFileReference; lastKnownFileType = sourcecode.swift; path = ForgetOTPViewController.swift; sourceTree = "<group>"; };
		1D3430892B13130B0095CDBF /* CreateNewPasswordViewController.swift */ = {isa = PBXFileReference; lastKnownFileType = sourcecode.swift; path = CreateNewPasswordViewController.swift; sourceTree = "<group>"; };
		1D34308B2B134C270095CDBF /* CustomSwitch.swift */ = {isa = PBXFileReference; lastKnownFileType = sourcecode.swift; path = CustomSwitch.swift; sourceTree = "<group>"; };
		1D34308D2B1399E40095CDBF /* MainTabViewController.swift */ = {isa = PBXFileReference; lastKnownFileType = sourcecode.swift; path = MainTabViewController.swift; sourceTree = "<group>"; };
		1D3430902B1437AD0095CDBF /* ProfileViewController.swift */ = {isa = PBXFileReference; lastKnownFileType = sourcecode.swift; path = ProfileViewController.swift; sourceTree = "<group>"; };
		1D3430922B1437B60095CDBF /* AppointmentViewController.swift */ = {isa = PBXFileReference; lastKnownFileType = sourcecode.swift; path = AppointmentViewController.swift; sourceTree = "<group>"; };
		1D4905922B0F520D00C0FECE /* MainViewController.swift */ = {isa = PBXFileReference; lastKnownFileType = sourcecode.swift; path = MainViewController.swift; sourceTree = "<group>"; };
		1D4AD08D2B0A465B004117FA /* ressy.app */ = {isa = PBXFileReference; explicitFileType = wrapper.application; includeInIndex = 0; path = ressy.app; sourceTree = BUILT_PRODUCTS_DIR; };
		1D4AD0902B0A465B004117FA /* AppDelegate.swift */ = {isa = PBXFileReference; lastKnownFileType = sourcecode.swift; path = AppDelegate.swift; sourceTree = "<group>"; };
		1D4AD0922B0A465B004117FA /* SceneDelegate.swift */ = {isa = PBXFileReference; lastKnownFileType = sourcecode.swift; path = SceneDelegate.swift; sourceTree = "<group>"; };
		1D4AD0942B0A465B004117FA /* EntryViewController.swift */ = {isa = PBXFileReference; lastKnownFileType = sourcecode.swift; path = EntryViewController.swift; sourceTree = "<group>"; };
		1D4AD0972B0A465B004117FA /* Base */ = {isa = PBXFileReference; lastKnownFileType = file.storyboard; name = Base; path = Base.lproj/Main.storyboard; sourceTree = "<group>"; };
		1D4AD0992B0A465C004117FA /* Assets.xcassets */ = {isa = PBXFileReference; lastKnownFileType = folder.assetcatalog; path = Assets.xcassets; sourceTree = "<group>"; };
		1D4AD09C2B0A465C004117FA /* Base */ = {isa = PBXFileReference; lastKnownFileType = file.storyboard; name = Base; path = Base.lproj/LaunchScreen.storyboard; sourceTree = "<group>"; };
		1D4AD09E2B0A465C004117FA /* Info.plist */ = {isa = PBXFileReference; lastKnownFileType = text.plist.xml; path = Info.plist; sourceTree = "<group>"; };
		1D4AD0C82B0A4821004117FA /* UITapGestureRecognizer.swift */ = {isa = PBXFileReference; lastKnownFileType = sourcecode.swift; path = UITapGestureRecognizer.swift; sourceTree = "<group>"; };
		1D4AD0CC2B0A765B004117FA /* NavigationViewController.swift */ = {isa = PBXFileReference; lastKnownFileType = sourcecode.swift; path = NavigationViewController.swift; sourceTree = "<group>"; };
		1D4AD0CE2B0A7708004117FA /* RegisterCustomerViewController.swift */ = {isa = PBXFileReference; lastKnownFileType = sourcecode.swift; path = RegisterCustomerViewController.swift; sourceTree = "<group>"; };
		1D4AD0D12B0A7A84004117FA /* LoginViewController.swift */ = {isa = PBXFileReference; lastKnownFileType = sourcecode.swift; path = LoginViewController.swift; sourceTree = "<group>"; };
		1D6D69472B25983300DF9C3D /* CalendarDate.swift */ = {isa = PBXFileReference; fileEncoding = 4; lastKnownFileType = sourcecode.swift; path = CalendarDate.swift; sourceTree = "<group>"; };
		1D6D69492B25984000DF9C3D /* Extension+Date.swift */ = {isa = PBXFileReference; fileEncoding = 4; lastKnownFileType = sourcecode.swift; path = "Extension+Date.swift"; sourceTree = "<group>"; };
		1D6D694A2B25984000DF9C3D /* Extension+UICollectionView.swift */ = {isa = PBXFileReference; fileEncoding = 4; lastKnownFileType = sourcecode.swift; path = "Extension+UICollectionView.swift"; sourceTree = "<group>"; };
		1D6D694E2B25986700DF9C3D /* CalendarDayCVC.swift */ = {isa = PBXFileReference; fileEncoding = 4; lastKnownFileType = sourcecode.swift; path = CalendarDayCVC.swift; sourceTree = "<group>"; };
		1D6D694F2B25986700DF9C3D /* CalendarDayFlowLayout.swift */ = {isa = PBXFileReference; fileEncoding = 4; lastKnownFileType = sourcecode.swift; path = CalendarDayFlowLayout.swift; sourceTree = "<group>"; };
		1D6D69502B25986700DF9C3D /* CalendarDayCVC.xib */ = {isa = PBXFileReference; fileEncoding = 4; lastKnownFileType = file.xib; path = CalendarDayCVC.xib; sourceTree = "<group>"; };
		1D6D69552B25988900DF9C3D /* DateService.swift */ = {isa = PBXFileReference; fileEncoding = 4; lastKnownFileType = sourcecode.swift; path = DateService.swift; sourceTree = "<group>"; };
		1D78F8DF2B24652F00327A76 /* DoctorViewController.swift */ = {isa = PBXFileReference; lastKnownFileType = sourcecode.swift; path = DoctorViewController.swift; sourceTree = "<group>"; };
		1D78F8E52B2466F600327A76 /* RegisterCustomerModel.swift */ = {isa = PBXFileReference; lastKnownFileType = sourcecode.swift; path = RegisterCustomerModel.swift; sourceTree = "<group>"; };
		1D78F8E72B246AA400327A76 /* RegisterProfessionalModel.swift */ = {isa = PBXFileReference; lastKnownFileType = sourcecode.swift; path = RegisterProfessionalModel.swift; sourceTree = "<group>"; };
		1DA7C11E2B10639800C6EEB9 /* ForgetPasswordViewController.swift */ = {isa = PBXFileReference; lastKnownFileType = sourcecode.swift; path = ForgetPasswordViewController.swift; sourceTree = "<group>"; };
		1DB35C822B208B49006E521B /* FillProfileViewController.swift */ = {isa = PBXFileReference; lastKnownFileType = sourcecode.swift; path = FillProfileViewController.swift; sourceTree = "<group>"; };
		1DC87CE72B19F03300AE2CDD /* GradientColor.swift */ = {isa = PBXFileReference; lastKnownFileType = sourcecode.swift; path = GradientColor.swift; sourceTree = "<group>"; };
		1DC87CEB2B1A1FC000AE2CDD /* URL.swift */ = {isa = PBXFileReference; lastKnownFileType = sourcecode.swift; path = URL.swift; sourceTree = "<group>"; };
		1DC87CEE2B1A558100AE2CDD /* TopDoctorsCollectionViewCell.swift */ = {isa = PBXFileReference; lastKnownFileType = sourcecode.swift; path = TopDoctorsCollectionViewCell.swift; sourceTree = "<group>"; };
		1DC87CF02B1A558F00AE2CDD /* UpcomingAppointmentCollectionViewCell.swift */ = {isa = PBXFileReference; lastKnownFileType = sourcecode.swift; path = UpcomingAppointmentCollectionViewCell.swift; sourceTree = "<group>"; };
		1DC87CF22B1A55BD00AE2CDD /* SpecialityDoctorsCollectionViewCell.swift */ = {isa = PBXFileReference; lastKnownFileType = sourcecode.swift; path = SpecialityDoctorsCollectionViewCell.swift; sourceTree = "<group>"; };
		1DC9DE6F2B1C9A6A000A93C7 /* MainViewControllerExtension.swift */ = {isa = PBXFileReference; lastKnownFileType = sourcecode.swift; path = MainViewControllerExtension.swift; sourceTree = "<group>"; };
/* End PBXFileReference section */

/* Begin PBXFrameworksBuildPhase section */
		1D4AD08A2B0A465B004117FA /* Frameworks */ = {
			isa = PBXFrameworksBuildPhase;
			buildActionMask = 2147483647;
			files = (
				1DC9DE6E2B1C982C000A93C7 /* Alamofire in Frameworks */,
				1D54B89C2B11F88D00A0AECA /* SwiftKeychainWrapper in Frameworks */,
				1D0684D92B10A41C00EE2C8D /* JWTDecode in Frameworks */,
			);
			runOnlyForDeploymentPostprocessing = 0;
		};
/* End PBXFrameworksBuildPhase section */

/* Begin PBXGroup section */
		1D1BA1102B166933001F30F9 /* extensions */ = {
			isa = PBXGroup;
			children = (
				1D6D69492B25984000DF9C3D /* Extension+Date.swift */,
				1D6D694A2B25984000DF9C3D /* Extension+UICollectionView.swift */,
				1D4AD0CC2B0A765B004117FA /* NavigationViewController.swift */,
				1D1BA1112B166963001F30F9 /* imagePicker.swift */,
				1D261CC02B0C426500B09848 /* ViewControllerExtension.swift */,
				1DC9DE6F2B1C9A6A000A93C7 /* MainViewControllerExtension.swift */,
				1DC87CEB2B1A1FC000AE2CDD /* URL.swift */,
			);
			path = extensions;
			sourceTree = "<group>";
		};
		1D1C9DA62B14FC4B009FB162 /* Font */ = {
			isa = PBXGroup;
			children = (
				1D1C9DA72B14FC5B009FB162 /* Poppins-Regular.ttf */,
				1D1C9DA92B14FC66009FB162 /* Poppins-Medium.ttf */,
				1D1C9DAB2B14FC6D009FB162 /* Poppins-SemiBold.ttf */,
				1D1C9DAC2B14FC7A009FB162 /* CinzelDecorative-Regular.ttf */,
				1D1C9DB02B14FC93009FB162 /* SourceSans3-Regular.ttf */,
				1D1C9DAE2B14FC88009FB162 /* SourceSans3-Medium.ttf */,
				1D1C9DB22B14FC9A009FB162 /* SourceSans3-SemiBold.ttf */,
			);
			path = Font;
			sourceTree = "<group>";
		};
		1D261CC62B0C42E500B09848 /* DesignStuff */ = {
			isa = PBXGroup;
			children = (
				1DC87CE72B19F03300AE2CDD /* GradientColor.swift */,
				1D261CC22B0C428300B09848 /* ViewMove.swift */,
				1D261CC42B0C42D400B09848 /* PaddedTextField.swift */,
				1D34308B2B134C270095CDBF /* CustomSwitch.swift */,
				1D1A27EA2B257FDE000ACCE5 /* CustomDatePicker.swift */,
			);
			path = DesignStuff;
			sourceTree = "<group>";
		};
		1D34308F2B1437370095CDBF /* MainViewControllers */ = {
			isa = PBXGroup;
			children = (
				1D34308D2B1399E40095CDBF /* MainTabViewController.swift */,
				1D4905922B0F520D00C0FECE /* MainViewController.swift */,
				1D3430922B1437B60095CDBF /* AppointmentViewController.swift */,
				1D3430902B1437AD0095CDBF /* ProfileViewController.swift */,
				1D78F8DF2B24652F00327A76 /* DoctorViewController.swift */,
			);
			path = MainViewControllers;
			sourceTree = "<group>";
		};
		1D4AD0842B0A465B004117FA = {
			isa = PBXGroup;
			children = (
				1D4AD08F2B0A465B004117FA /* ressy */,
				1D4AD08E2B0A465B004117FA /* Products */,
			);
			sourceTree = "<group>";
		};
		1D4AD08E2B0A465B004117FA /* Products */ = {
			isa = PBXGroup;
			children = (
				1D4AD08D2B0A465B004117FA /* ressy.app */,
			);
			name = Products;
			sourceTree = "<group>";
		};
		1D4AD08F2B0A465B004117FA /* ressy */ = {
			isa = PBXGroup;
			children = (
				1D261CC72B0C4F4C00B09848 /* ressy.entitlements */,
				1D4AD0902B0A465B004117FA /* AppDelegate.swift */,
				1D4AD0922B0A465B004117FA /* SceneDelegate.swift */,
				1D4AD0962B0A465B004117FA /* Main.storyboard */,
				1D4AD09B2B0A465C004117FA /* LaunchScreen.storyboard */,
				1D4AD0D02B0A7751004117FA /* AuthViewControllers */,
				1D34308F2B1437370095CDBF /* MainViewControllers */,
				1D78F8E42B2466CF00327A76 /* Models */,
				1DC87CED2B1A555000AE2CDD /* Cells */,
				1D1BA1102B166933001F30F9 /* extensions */,
				1D6D694D2B25985100DF9C3D /* CalendarDay */,
				1D6D69542B25987700DF9C3D /* Utils */,
				1D4AD09E2B0A465C004117FA /* Info.plist */,
				1D4AD0992B0A465C004117FA /* Assets.xcassets */,
				1D4AD0C82B0A4821004117FA /* UITapGestureRecognizer.swift */,
				1D1C9DA62B14FC4B009FB162 /* Font */,
				1D261CC62B0C42E500B09848 /* DesignStuff */,
			);
			path = ressy;
			sourceTree = "<group>";
		};
		1D4AD0D02B0A7751004117FA /* AuthViewControllers */ = {
			isa = PBXGroup;
			children = (
				1D4AD0942B0A465B004117FA /* EntryViewController.swift */,
				1D261CC82B0C6E5E00B09848 /* AccountTypeViewController.swift */,
				1D4AD0CE2B0A7708004117FA /* RegisterCustomerViewController.swift */,
				1D261CCA2B0C734F00B09848 /* RegisterProfessionalViewController.swift */,
				1D261CCC2B0C7B6A00B09848 /* ConfirmOTPViewController.swift */,
				1DB35C822B208B49006E521B /* FillProfileViewController.swift */,
				1D4AD0D12B0A7A84004117FA /* LoginViewController.swift */,
				1DA7C11E2B10639800C6EEB9 /* ForgetPasswordViewController.swift */,
				1D3430872B13128D0095CDBF /* ForgetOTPViewController.swift */,
				1D3430892B13130B0095CDBF /* CreateNewPasswordViewController.swift */,
			);
			path = AuthViewControllers;
			sourceTree = "<group>";
		};
		1D6D694D2B25985100DF9C3D /* CalendarDay */ = {
			isa = PBXGroup;
			children = (
				1D6D694E2B25986700DF9C3D /* CalendarDayCVC.swift */,
				1D6D69502B25986700DF9C3D /* CalendarDayCVC.xib */,
				1D6D694F2B25986700DF9C3D /* CalendarDayFlowLayout.swift */,
			);
			path = CalendarDay;
			sourceTree = "<group>";
		};
		1D6D69542B25987700DF9C3D /* Utils */ = {
			isa = PBXGroup;
			children = (
				1D6D69552B25988900DF9C3D /* DateService.swift */,
			);
			path = Utils;
			sourceTree = "<group>";
		};
		1D78F8E42B2466CF00327A76 /* Models */ = {
			isa = PBXGroup;
			children = (
				1D6D69472B25983300DF9C3D /* CalendarDate.swift */,
				1D78F8E52B2466F600327A76 /* RegisterCustomerModel.swift */,
				1D78F8E72B246AA400327A76 /* RegisterProfessionalModel.swift */,
			);
			path = Models;
			sourceTree = "<group>";
		};
		1DC87CED2B1A555000AE2CDD /* Cells */ = {
			isa = PBXGroup;
			children = (
				1DC87CEE2B1A558100AE2CDD /* TopDoctorsCollectionViewCell.swift */,
				1D177D652B21CDC200BB7FBC /* SpecialityDoctorTableViewCell.swift */,
				1DC87CF22B1A55BD00AE2CDD /* SpecialityDoctorsCollectionViewCell.swift */,
				1DC87CF02B1A558F00AE2CDD /* UpcomingAppointmentCollectionViewCell.swift */,
			);
			path = Cells;
			sourceTree = "<group>";
		};
/* End PBXGroup section */

/* Begin PBXNativeTarget section */
		1D4AD08C2B0A465B004117FA /* ressy */ = {
			isa = PBXNativeTarget;
			buildConfigurationList = 1D4AD0A12B0A465C004117FA /* Build configuration list for PBXNativeTarget "ressy" */;
			buildPhases = (
				1D4AD0892B0A465B004117FA /* Sources */,
				1D4AD08A2B0A465B004117FA /* Frameworks */,
				1D4AD08B2B0A465B004117FA /* Resources */,
			);
			buildRules = (
			);
			dependencies = (
			);
			name = ressy;
			packageProductDependencies = (
				1D0684D82B10A41C00EE2C8D /* JWTDecode */,
				1D54B89B2B11F88D00A0AECA /* SwiftKeychainWrapper */,
				1DC9DE6D2B1C982C000A93C7 /* Alamofire */,
			);
			productName = ressy;
			productReference = 1D4AD08D2B0A465B004117FA /* ressy.app */;
			productType = "com.apple.product-type.application";
		};
/* End PBXNativeTarget section */

/* Begin PBXProject section */
		1D4AD0852B0A465B004117FA /* Project object */ = {
			isa = PBXProject;
			attributes = {
				BuildIndependentTargetsInParallel = 1;
				LastSwiftUpdateCheck = 1500;
				LastUpgradeCheck = 1500;
				TargetAttributes = {
					1D4AD08C2B0A465B004117FA = {
						CreatedOnToolsVersion = 15.0.1;
						LastSwiftMigration = 1500;
					};
				};
			};
			buildConfigurationList = 1D4AD0882B0A465B004117FA /* Build configuration list for PBXProject "ressy" */;
			compatibilityVersion = "Xcode 14.0";
			developmentRegion = en;
			hasScannedForEncodings = 0;
			knownRegions = (
				en,
				Base,
			);
			mainGroup = 1D4AD0842B0A465B004117FA;
			packageReferences = (
				1D0684D72B10A41C00EE2C8D /* XCRemoteSwiftPackageReference "JWTDecode" */,
				1D54B89A2B11F88D00A0AECA /* XCRemoteSwiftPackageReference "SwiftKeychainWrapper" */,
				1DC9DE6C2B1C982C000A93C7 /* XCRemoteSwiftPackageReference "Alamofire" */,
			);
			productRefGroup = 1D4AD08E2B0A465B004117FA /* Products */;
			projectDirPath = "";
			projectRoot = "";
			targets = (
				1D4AD08C2B0A465B004117FA /* ressy */,
			);
		};
/* End PBXProject section */

/* Begin PBXResourcesBuildPhase section */
		1D4AD08B2B0A465B004117FA /* Resources */ = {
			isa = PBXResourcesBuildPhase;
			buildActionMask = 2147483647;
			files = (
				1D6D69532B25986700DF9C3D /* CalendarDayCVC.xib in Resources */,
				1D4AD09D2B0A465C004117FA /* LaunchScreen.storyboard in Resources */,
				1D1C9DB32B14FC9A009FB162 /* SourceSans3-SemiBold.ttf in Resources */,
				1D4AD09A2B0A465C004117FA /* Assets.xcassets in Resources */,
				1D1C9DAF2B14FC88009FB162 /* SourceSans3-Medium.ttf in Resources */,
				1D1C9DB12B14FC93009FB162 /* SourceSans3-Regular.ttf in Resources */,
				1D1C9DB42B1500BB009FB162 /* Poppins-SemiBold.ttf in Resources */,
				1D4AD0982B0A465B004117FA /* Main.storyboard in Resources */,
				1D1C9DA82B14FC5B009FB162 /* Poppins-Regular.ttf in Resources */,
				1D1C9DAD2B14FC7A009FB162 /* CinzelDecorative-Regular.ttf in Resources */,
				1D1C9DAA2B14FC66009FB162 /* Poppins-Medium.ttf in Resources */,
			);
			runOnlyForDeploymentPostprocessing = 0;
		};
/* End PBXResourcesBuildPhase section */

/* Begin PBXSourcesBuildPhase section */
		1D4AD0892B0A465B004117FA /* Sources */ = {
			isa = PBXSourcesBuildPhase;
			buildActionMask = 2147483647;
			files = (
				1D3430932B1437B60095CDBF /* AppointmentViewController.swift in Sources */,
				1D34308E2B1399E40095CDBF /* MainTabViewController.swift in Sources */,
				1DC87CF12B1A558F00AE2CDD /* UpcomingAppointmentCollectionViewCell.swift in Sources */,
				1D261CCB2B0C734F00B09848 /* RegisterProfessionalViewController.swift in Sources */,
				1D3430912B1437AD0095CDBF /* ProfileViewController.swift in Sources */,
				1D1A27EB2B257FDE000ACCE5 /* CustomDatePicker.swift in Sources */,
				1D3430882B13128D0095CDBF /* ForgetOTPViewController.swift in Sources */,
				1D34308C2B134C270095CDBF /* CustomSwitch.swift in Sources */,
				1D261CC32B0C428300B09848 /* ViewMove.swift in Sources */,
				1D261CCD2B0C7B6A00B09848 /* ConfirmOTPViewController.swift in Sources */,
				1D261CC52B0C42D400B09848 /* PaddedTextField.swift in Sources */,
				1DB35C832B208B49006E521B /* FillProfileViewController.swift in Sources */,
				1D261CC12B0C426500B09848 /* ViewControllerExtension.swift in Sources */,
				1D4AD0D22B0A7A84004117FA /* LoginViewController.swift in Sources */,
				1D78F8E62B2466F600327A76 /* RegisterCustomerModel.swift in Sources */,
				1D4AD0952B0A465B004117FA /* EntryViewController.swift in Sources */,
				1DC87CEF2B1A558100AE2CDD /* TopDoctorsCollectionViewCell.swift in Sources */,
				1DA7C11F2B10639800C6EEB9 /* ForgetPasswordViewController.swift in Sources */,
				1DC9DE702B1C9A6A000A93C7 /* MainViewControllerExtension.swift in Sources */,
				1DC87CF32B1A55BD00AE2CDD /* SpecialityDoctorsCollectionViewCell.swift in Sources */,
				1D4905932B0F520D00C0FECE /* MainViewController.swift in Sources */,
				1D4AD0C92B0A4821004117FA /* UITapGestureRecognizer.swift in Sources */,
				1D4AD0912B0A465B004117FA /* AppDelegate.swift in Sources */,
				1D6D69512B25986700DF9C3D /* CalendarDayCVC.swift in Sources */,
				1D4AD0CF2B0A7708004117FA /* RegisterCustomerViewController.swift in Sources */,
				1D78F8E82B246AA400327A76 /* RegisterProfessionalModel.swift in Sources */,
				1D6D69482B25983300DF9C3D /* CalendarDate.swift in Sources */,
				1D1BA1122B166963001F30F9 /* imagePicker.swift in Sources */,
				1D6D69522B25986700DF9C3D /* CalendarDayFlowLayout.swift in Sources */,
				1D4AD0CD2B0A765B004117FA /* NavigationViewController.swift in Sources */,
				1D6D694B2B25984000DF9C3D /* Extension+Date.swift in Sources */,
				1D261CC92B0C6E5E00B09848 /* AccountTypeViewController.swift in Sources */,
				1D6D69562B25988900DF9C3D /* DateService.swift in Sources */,
				1D4AD0932B0A465B004117FA /* SceneDelegate.swift in Sources */,
				1D34308A2B13130B0095CDBF /* CreateNewPasswordViewController.swift in Sources */,
				1D177D662B21CDC200BB7FBC /* SpecialityDoctorTableViewCell.swift in Sources */,
				1D6D694C2B25984000DF9C3D /* Extension+UICollectionView.swift in Sources */,
				1DC87CE82B19F03300AE2CDD /* GradientColor.swift in Sources */,
				1DC87CEC2B1A1FC000AE2CDD /* URL.swift in Sources */,
				1D78F8E02B24652F00327A76 /* DoctorViewController.swift in Sources */,
			);
			runOnlyForDeploymentPostprocessing = 0;
		};
/* End PBXSourcesBuildPhase section */

/* Begin PBXVariantGroup section */
		1D4AD0962B0A465B004117FA /* Main.storyboard */ = {
			isa = PBXVariantGroup;
			children = (
				1D4AD0972B0A465B004117FA /* Base */,
			);
			name = Main.storyboard;
			sourceTree = "<group>";
		};
		1D4AD09B2B0A465C004117FA /* LaunchScreen.storyboard */ = {
			isa = PBXVariantGroup;
			children = (
				1D4AD09C2B0A465C004117FA /* Base */,
			);
			name = LaunchScreen.storyboard;
			sourceTree = "<group>";
		};
/* End PBXVariantGroup section */

/* Begin XCBuildConfiguration section */
		1D4AD09F2B0A465C004117FA /* Debug */ = {
			isa = XCBuildConfiguration;
			buildSettings = {
				ALWAYS_SEARCH_USER_PATHS = NO;
				ASSETCATALOG_COMPILER_GENERATE_SWIFT_ASSET_SYMBOL_EXTENSIONS = YES;
				CLANG_ANALYZER_NONNULL = YES;
				CLANG_ANALYZER_NUMBER_OBJECT_CONVERSION = YES_AGGRESSIVE;
				CLANG_CXX_LANGUAGE_STANDARD = "gnu++20";
				CLANG_ENABLE_MODULES = YES;
				CLANG_ENABLE_OBJC_ARC = YES;
				CLANG_ENABLE_OBJC_WEAK = YES;
				CLANG_WARN_BLOCK_CAPTURE_AUTORELEASING = YES;
				CLANG_WARN_BOOL_CONVERSION = YES;
				CLANG_WARN_COMMA = YES;
				CLANG_WARN_CONSTANT_CONVERSION = YES;
				CLANG_WARN_DEPRECATED_OBJC_IMPLEMENTATIONS = YES;
				CLANG_WARN_DIRECT_OBJC_ISA_USAGE = YES_ERROR;
				CLANG_WARN_DOCUMENTATION_COMMENTS = YES;
				CLANG_WARN_EMPTY_BODY = YES;
				CLANG_WARN_ENUM_CONVERSION = YES;
				CLANG_WARN_INFINITE_RECURSION = YES;
				CLANG_WARN_INT_CONVERSION = YES;
				CLANG_WARN_NON_LITERAL_NULL_CONVERSION = YES;
				CLANG_WARN_OBJC_IMPLICIT_RETAIN_SELF = YES;
				CLANG_WARN_OBJC_LITERAL_CONVERSION = YES;
				CLANG_WARN_OBJC_ROOT_CLASS = YES_ERROR;
				CLANG_WARN_QUOTED_INCLUDE_IN_FRAMEWORK_HEADER = YES;
				CLANG_WARN_RANGE_LOOP_ANALYSIS = YES;
				CLANG_WARN_STRICT_PROTOTYPES = YES;
				CLANG_WARN_SUSPICIOUS_MOVE = YES;
				CLANG_WARN_UNGUARDED_AVAILABILITY = YES_AGGRESSIVE;
				CLANG_WARN_UNREACHABLE_CODE = YES;
				CLANG_WARN__DUPLICATE_METHOD_MATCH = YES;
				COPY_PHASE_STRIP = NO;
				DEBUG_INFORMATION_FORMAT = dwarf;
				ENABLE_STRICT_OBJC_MSGSEND = YES;
				ENABLE_TESTABILITY = YES;
				ENABLE_USER_SCRIPT_SANDBOXING = YES;
				GCC_C_LANGUAGE_STANDARD = gnu17;
				GCC_DYNAMIC_NO_PIC = NO;
				GCC_NO_COMMON_BLOCKS = YES;
				GCC_OPTIMIZATION_LEVEL = 0;
				GCC_PREPROCESSOR_DEFINITIONS = (
					"DEBUG=1",
					"$(inherited)",
				);
				GCC_WARN_64_TO_32_BIT_CONVERSION = YES;
				GCC_WARN_ABOUT_RETURN_TYPE = YES_ERROR;
				GCC_WARN_UNDECLARED_SELECTOR = YES;
				GCC_WARN_UNINITIALIZED_AUTOS = YES_AGGRESSIVE;
				GCC_WARN_UNUSED_FUNCTION = YES;
				GCC_WARN_UNUSED_VARIABLE = YES;
				IPHONEOS_DEPLOYMENT_TARGET = 17.0;
				LOCALIZATION_PREFERS_STRING_CATALOGS = YES;
				MTL_ENABLE_DEBUG_INFO = INCLUDE_SOURCE;
				MTL_FAST_MATH = YES;
				ONLY_ACTIVE_ARCH = YES;
				SDKROOT = iphoneos;
				SWIFT_ACTIVE_COMPILATION_CONDITIONS = "DEBUG $(inherited)";
				SWIFT_OPTIMIZATION_LEVEL = "-Onone";
			};
			name = Debug;
		};
		1D4AD0A02B0A465C004117FA /* Release */ = {
			isa = XCBuildConfiguration;
			buildSettings = {
				ALWAYS_SEARCH_USER_PATHS = NO;
				ASSETCATALOG_COMPILER_GENERATE_SWIFT_ASSET_SYMBOL_EXTENSIONS = YES;
				CLANG_ANALYZER_NONNULL = YES;
				CLANG_ANALYZER_NUMBER_OBJECT_CONVERSION = YES_AGGRESSIVE;
				CLANG_CXX_LANGUAGE_STANDARD = "gnu++20";
				CLANG_ENABLE_MODULES = YES;
				CLANG_ENABLE_OBJC_ARC = YES;
				CLANG_ENABLE_OBJC_WEAK = YES;
				CLANG_WARN_BLOCK_CAPTURE_AUTORELEASING = YES;
				CLANG_WARN_BOOL_CONVERSION = YES;
				CLANG_WARN_COMMA = YES;
				CLANG_WARN_CONSTANT_CONVERSION = YES;
				CLANG_WARN_DEPRECATED_OBJC_IMPLEMENTATIONS = YES;
				CLANG_WARN_DIRECT_OBJC_ISA_USAGE = YES_ERROR;
				CLANG_WARN_DOCUMENTATION_COMMENTS = YES;
				CLANG_WARN_EMPTY_BODY = YES;
				CLANG_WARN_ENUM_CONVERSION = YES;
				CLANG_WARN_INFINITE_RECURSION = YES;
				CLANG_WARN_INT_CONVERSION = YES;
				CLANG_WARN_NON_LITERAL_NULL_CONVERSION = YES;
				CLANG_WARN_OBJC_IMPLICIT_RETAIN_SELF = YES;
				CLANG_WARN_OBJC_LITERAL_CONVERSION = YES;
				CLANG_WARN_OBJC_ROOT_CLASS = YES_ERROR;
				CLANG_WARN_QUOTED_INCLUDE_IN_FRAMEWORK_HEADER = YES;
				CLANG_WARN_RANGE_LOOP_ANALYSIS = YES;
				CLANG_WARN_STRICT_PROTOTYPES = YES;
				CLANG_WARN_SUSPICIOUS_MOVE = YES;
				CLANG_WARN_UNGUARDED_AVAILABILITY = YES_AGGRESSIVE;
				CLANG_WARN_UNREACHABLE_CODE = YES;
				CLANG_WARN__DUPLICATE_METHOD_MATCH = YES;
				COPY_PHASE_STRIP = NO;
				DEBUG_INFORMATION_FORMAT = "dwarf-with-dsym";
				ENABLE_NS_ASSERTIONS = NO;
				ENABLE_STRICT_OBJC_MSGSEND = YES;
				ENABLE_USER_SCRIPT_SANDBOXING = YES;
				GCC_C_LANGUAGE_STANDARD = gnu17;
				GCC_NO_COMMON_BLOCKS = YES;
				GCC_WARN_64_TO_32_BIT_CONVERSION = YES;
				GCC_WARN_ABOUT_RETURN_TYPE = YES_ERROR;
				GCC_WARN_UNDECLARED_SELECTOR = YES;
				GCC_WARN_UNINITIALIZED_AUTOS = YES_AGGRESSIVE;
				GCC_WARN_UNUSED_FUNCTION = YES;
				GCC_WARN_UNUSED_VARIABLE = YES;
				IPHONEOS_DEPLOYMENT_TARGET = 17.0;
				LOCALIZATION_PREFERS_STRING_CATALOGS = YES;
				MTL_ENABLE_DEBUG_INFO = NO;
				MTL_FAST_MATH = YES;
				SDKROOT = iphoneos;
				SWIFT_COMPILATION_MODE = wholemodule;
				VALIDATE_PRODUCT = YES;
			};
			name = Release;
		};
		1D4AD0A22B0A465C004117FA /* Debug */ = {
			isa = XCBuildConfiguration;
			buildSettings = {
				ASSETCATALOG_COMPILER_APPICON_NAME = AppIcon;
				ASSETCATALOG_COMPILER_GLOBAL_ACCENT_COLOR_NAME = AccentColor;
				CLANG_ENABLE_MODULES = YES;
				CODE_SIGN_ALLOW_ENTITLEMENTS_MODIFICATION = YES;
				CODE_SIGN_ENTITLEMENTS = ressy/ressy.entitlements;
				CODE_SIGN_STYLE = Automatic;
				CURRENT_PROJECT_VERSION = 1;
				DEVELOPMENT_TEAM = W8RLJ8MS39;
				GENERATE_INFOPLIST_FILE = YES;
				INFOPLIST_FILE = ressy/Info.plist;
				INFOPLIST_KEY_UIApplicationSupportsIndirectInputEvents = YES;
				INFOPLIST_KEY_UILaunchStoryboardName = LaunchScreen;
				INFOPLIST_KEY_UIMainStoryboardFile = Main;
				INFOPLIST_KEY_UISupportedInterfaceOrientations_iPad = "UIInterfaceOrientationPortrait UIInterfaceOrientationPortraitUpsideDown UIInterfaceOrientationLandscapeLeft UIInterfaceOrientationLandscapeRight";
				INFOPLIST_KEY_UISupportedInterfaceOrientations_iPhone = "UIInterfaceOrientationPortrait UIInterfaceOrientationLandscapeLeft UIInterfaceOrientationLandscapeRight";
				LD_RUNPATH_SEARCH_PATHS = (
					"$(inherited)",
					"@executable_path/Frameworks",
				);
				MARKETING_VERSION = 1.0;
				PRODUCT_BUNDLE_IDENTIFIER = com.ressy;
				PRODUCT_NAME = "$(TARGET_NAME)";
				SWIFT_EMIT_LOC_STRINGS = YES;
				SWIFT_OPTIMIZATION_LEVEL = "-Onone";
				SWIFT_VERSION = 5.0;
				TARGETED_DEVICE_FAMILY = "1,2";
			};
			name = Debug;
		};
		1D4AD0A32B0A465C004117FA /* Release */ = {
			isa = XCBuildConfiguration;
			buildSettings = {
				ASSETCATALOG_COMPILER_APPICON_NAME = AppIcon;
				ASSETCATALOG_COMPILER_GLOBAL_ACCENT_COLOR_NAME = AccentColor;
				CLANG_ENABLE_MODULES = YES;
				CODE_SIGN_ALLOW_ENTITLEMENTS_MODIFICATION = YES;
				CODE_SIGN_ENTITLEMENTS = ressy/ressy.entitlements;
				CODE_SIGN_STYLE = Automatic;
				CURRENT_PROJECT_VERSION = 1;
				DEVELOPMENT_TEAM = W8RLJ8MS39;
				GENERATE_INFOPLIST_FILE = YES;
				INFOPLIST_FILE = ressy/Info.plist;
				INFOPLIST_KEY_UIApplicationSupportsIndirectInputEvents = YES;
				INFOPLIST_KEY_UILaunchStoryboardName = LaunchScreen;
				INFOPLIST_KEY_UIMainStoryboardFile = Main;
				INFOPLIST_KEY_UISupportedInterfaceOrientations_iPad = "UIInterfaceOrientationPortrait UIInterfaceOrientationPortraitUpsideDown UIInterfaceOrientationLandscapeLeft UIInterfaceOrientationLandscapeRight";
				INFOPLIST_KEY_UISupportedInterfaceOrientations_iPhone = "UIInterfaceOrientationPortrait UIInterfaceOrientationLandscapeLeft UIInterfaceOrientationLandscapeRight";
				LD_RUNPATH_SEARCH_PATHS = (
					"$(inherited)",
					"@executable_path/Frameworks",
				);
				MARKETING_VERSION = 1.0;
				PRODUCT_BUNDLE_IDENTIFIER = com.ressy;
				PRODUCT_NAME = "$(TARGET_NAME)";
				SWIFT_EMIT_LOC_STRINGS = YES;
				SWIFT_VERSION = 5.0;
				TARGETED_DEVICE_FAMILY = "1,2";
			};
			name = Release;
		};
/* End XCBuildConfiguration section */

/* Begin XCConfigurationList section */
		1D4AD0882B0A465B004117FA /* Build configuration list for PBXProject "ressy" */ = {
			isa = XCConfigurationList;
			buildConfigurations = (
				1D4AD09F2B0A465C004117FA /* Debug */,
				1D4AD0A02B0A465C004117FA /* Release */,
			);
			defaultConfigurationIsVisible = 0;
			defaultConfigurationName = Release;
		};
		1D4AD0A12B0A465C004117FA /* Build configuration list for PBXNativeTarget "ressy" */ = {
			isa = XCConfigurationList;
			buildConfigurations = (
				1D4AD0A22B0A465C004117FA /* Debug */,
				1D4AD0A32B0A465C004117FA /* Release */,
			);
			defaultConfigurationIsVisible = 0;
			defaultConfigurationName = Release;
		};
/* End XCConfigurationList section */

/* Begin XCRemoteSwiftPackageReference section */
		1D0684D72B10A41C00EE2C8D /* XCRemoteSwiftPackageReference "JWTDecode" */ = {
			isa = XCRemoteSwiftPackageReference;
			repositoryURL = "https://github.com/auth0/JWTDecode.swift";
			requirement = {
				kind = upToNextMajorVersion;
				minimumVersion = 3.1.0;
			};
		};
		1D54B89A2B11F88D00A0AECA /* XCRemoteSwiftPackageReference "SwiftKeychainWrapper" */ = {
			isa = XCRemoteSwiftPackageReference;
			repositoryURL = "https://github.com/jrendel/SwiftKeychainWrapper";
			requirement = {
				kind = upToNextMajorVersion;
				minimumVersion = 4.0.1;
			};
		};
		1DC9DE6C2B1C982C000A93C7 /* XCRemoteSwiftPackageReference "Alamofire" */ = {
			isa = XCRemoteSwiftPackageReference;
			repositoryURL = "https://github.com/Alamofire/Alamofire";
			requirement = {
				kind = upToNextMajorVersion;
				minimumVersion = 5.8.1;
			};
		};
/* End XCRemoteSwiftPackageReference section */

/* Begin XCSwiftPackageProductDependency section */
		1D0684D82B10A41C00EE2C8D /* JWTDecode */ = {
			isa = XCSwiftPackageProductDependency;
			package = 1D0684D72B10A41C00EE2C8D /* XCRemoteSwiftPackageReference "JWTDecode" */;
			productName = JWTDecode;
		};
		1D54B89B2B11F88D00A0AECA /* SwiftKeychainWrapper */ = {
			isa = XCSwiftPackageProductDependency;
			package = 1D54B89A2B11F88D00A0AECA /* XCRemoteSwiftPackageReference "SwiftKeychainWrapper" */;
			productName = SwiftKeychainWrapper;
		};
		1DC9DE6D2B1C982C000A93C7 /* Alamofire */ = {
			isa = XCSwiftPackageProductDependency;
			package = 1DC9DE6C2B1C982C000A93C7 /* XCRemoteSwiftPackageReference "Alamofire" */;
			productName = Alamofire;
		};
/* End XCSwiftPackageProductDependency section */
	};
	rootObject = 1D4AD0852B0A465B004117FA /* Project object */;
}
